
Microsoft Visual Studio Solution File, Format Version 12.00
# Visual Studio Version 17
VisualStudioVersion = 17.8.34525.116
MinimumVisualStudioVersion = 10.0.40219.1
Project("{FAE04EC0-301F-11D3-BF4B-00C04F79EFBC}") = "BossKey", "BossKey.csproj", "{C8298A67-93AD-41E8-825C-235406C856D4}"
EndProject
Global
	GlobalSection(SolutionConfigurationPlatforms) = preSolution
		Debug|Any CPU = Debug|Any CPU
		Release|Any CPU = Release|Any CPU
	EndGlobalSection
	GlobalSection(ProjectConfigurationPlatforms) = postSolution
		{C8298A67-93AD-41E8-825C-235406C856D4}.Debug|Any CPU.ActiveCfg = Debug|Any CPU
		{C8298A67-93AD-41E8-825C-235406C856D4}.Debug|Any CPU.Build.0 = Debug|Any CPU
		{C8298A67-93AD-41E8-825C-235406C856D4}.Release|Any CPU.ActiveCfg = Release|Any CPU
		{C8298A67-93AD-41E8-825C-235406C856D4}.Release|Any CPU.Build.0 = Release|Any CPU
	EndGlobalSection
	GlobalSection(SolutionProperties) = preSolution
		HideSolutionNode = FALSE
	EndGlobalSection
	GlobalSection(ExtensibilityGlobals) = postSolution
		SolutionGuid = {8F98CAB6-7FEE-4A88-9593-A936BED6DD18}
	EndGlobalSection
EndGlobal
